
Microsoft Visual Studio Solution File, Format Version 12.00
# Visual Studio 2013
VisualStudioVersion = 12.0.31101.0
MinimumVisualStudioVersion = 10.0.40219.1
Project("{FAE04EC0-301F-11D3-BF4B-00C04F79EFBC}") = "nmct.ssa.labo2.webshop", "nmct.ssa.labo2.webshop\nmct.ssa.labo2.webshop.csproj", "{28491363-894F-4272-80B8-1072388E74D9}"
EndProject
Project("{FAE04EC0-301F-11D3-BF4B-00C04F79EFBC}") = "nmct.ssa.labo2.webshop.Tests", "nmct.ssa.labo2.webshop.Tests\nmct.ssa.labo2.webshop.Tests.csproj", "{0002C75D-CFC5-4408-ABA0-8FE4D40D0147}"
EndProject
Global
	GlobalSection(SolutionConfigurationPlatforms) = preSolution
		Debug|Any CPU = Debug|Any CPU
		Release|Any CPU = Release|Any CPU
	EndGlobalSection
	GlobalSection(ProjectConfigurationPlatforms) = postSolution
		{28491363-894F-4272-80B8-1072388E74D9}.Debug|Any CPU.ActiveCfg = Debug|Any CPU
		{28491363-894F-4272-80B8-1072388E74D9}.Debug|Any CPU.Build.0 = Debug|Any CPU
		{28491363-894F-4272-80B8-1072388E74D9}.Release|Any CPU.ActiveCfg = Release|Any CPU
		{28491363-894F-4272-80B8-1072388E74D9}.Release|Any CPU.Build.0 = Release|Any CPU
		{0002C75D-CFC5-4408-ABA0-8FE4D40D0147}.Debug|Any CPU.ActiveCfg = Debug|Any CPU
		{0002C75D-CFC5-4408-ABA0-8FE4D40D0147}.Debug|Any CPU.Build.0 = Debug|Any CPU
		{0002C75D-CFC5-4408-ABA0-8FE4D40D0147}.Release|Any CPU.ActiveCfg = Release|Any CPU
		{0002C75D-CFC5-4408-ABA0-8FE4D40D0147}.Release|Any CPU.Build.0 = Release|Any CPU
	EndGlobalSection
	GlobalSection(SolutionProperties) = preSolution
		HideSolutionNode = FALSE
	EndGlobalSection
EndGlobal
