
Microsoft Visual Studio Solution File, Format Version 12.00
# Visual Studio 2013
VisualStudioVersion = 12.0.31101.0
MinimumVisualStudioVersion = 10.0.40219.1
Project("{FAE04EC0-301F-11D3-BF4B-00C04F79EFBC}") = "nmct.ssa.labo1.oef2", "nmct.ssa.labo1.oef2\nmct.ssa.labo1.oef2.csproj", "{42826E6A-71FB-456C-BAAE-5C22FA624FBC}"
EndProject
Global
	GlobalSection(SolutionConfigurationPlatforms) = preSolution
		Debug|Any CPU = Debug|Any CPU
		Release|Any CPU = Release|Any CPU
	EndGlobalSection
	GlobalSection(ProjectConfigurationPlatforms) = postSolution
		{42826E6A-71FB-456C-BAAE-5C22FA624FBC}.Debug|Any CPU.ActiveCfg = Debug|Any CPU
		{42826E6A-71FB-456C-BAAE-5C22FA624FBC}.Debug|Any CPU.Build.0 = Debug|Any CPU
		{42826E6A-71FB-456C-BAAE-5C22FA624FBC}.Release|Any CPU.ActiveCfg = Release|Any CPU
		{42826E6A-71FB-456C-BAAE-5C22FA624FBC}.Release|Any CPU.Build.0 = Release|Any CPU
	EndGlobalSection
	GlobalSection(SolutionProperties) = preSolution
		HideSolutionNode = FALSE
	EndGlobalSection
EndGlobal
